{
  "nodes": {
    "home-manager": {
      "inputs": {
        "nixpkgs": [
          "nixpkgs"
        ]
      },
      "locked": {
        "lastModified": 1781844424,
        "narHash": "sha256-sWBr0D6eu6UhmtM87NOd4oOYilIclFXGDd/s7tVvO10=",
        "owner": "nix-community",
        "repo": "home-manager",
        "rev": "c804fab681f03ec772390af4421bcc9bce80c1d9",
        "type": "github"
      },
      "original": {
        "owner": "nix-community",
        "repo": "home-manager",
        "type": "github"
      }
    },
    "nixpkgs": {
      "locked": {
        "lastModified": 1781848088,
        "narHash": "sha256-vDBjwbDSQEin1U4HDJiUgf6Zs949hydQr2CfjXWGwl0=",
        "owner": "nixos",
        "repo": "nixpkgs",
        "rev": "baedd1f918e49496378f7dccc65e268388d19c97",
        "type": "github"
      },
      "original": {
        "owner": "nixos",
        "repo": "nixpkgs",
        "type": "github"
      }
    },
    "root": {
      "inputs": {
        "home-manager": "home-manager",
        "nixpkgs": "nixpkgs"
      }
    }
  },
  "root": "root",
  "version": 7
}
